
Microsoft Visual Studio Solution File, Format Version 12.00
# Visual Studio Version 16
VisualStudioVersion = 16.0.32228.343
MinimumVisualStudioVersion = 10.0.40219.1
Project("{FAE04EC0-301F-11D3-BF4B-00C04F79EFBC}") = "CanonStore", "CanonStore\CanonStore.csproj", "{498A1F33-9155-47AB-8BCC-172D93E83020}"
EndProject
Global
	GlobalSection(SolutionConfigurationPlatforms) = preSolution
		Debug|Any CPU = Debug|Any CPU
		Release|Any CPU = Release|Any CPU
	EndGlobalSection
	GlobalSection(ProjectConfigurationPlatforms) = postSolution
		{498A1F33-9155-47AB-8BCC-172D93E83020}.Debug|Any CPU.ActiveCfg = Debug|Any CPU
		{498A1F33-9155-47AB-8BCC-172D93E83020}.Debug|Any CPU.Build.0 = Debug|Any CPU
		{498A1F33-9155-47AB-8BCC-172D93E83020}.Release|Any CPU.ActiveCfg = Release|Any CPU
		{498A1F33-9155-47AB-8BCC-172D93E83020}.Release|Any CPU.Build.0 = Release|Any CPU
	EndGlobalSection
	GlobalSection(SolutionProperties) = preSolution
		HideSolutionNode = FALSE
	EndGlobalSection
	GlobalSection(ExtensibilityGlobals) = postSolution
		SolutionGuid = {12487E7E-F7C1-4C6D-962B-F579650E3B9B}
	EndGlobalSection
EndGlobal
